
Microsoft Visual Studio Solution File, Format Version 12.00
# Visual Studio 15
VisualStudioVersion = 15.0.28010.2026
MinimumVisualStudioVersion = 10.0.40219.1
Project("{FAE04EC0-301F-11D3-BF4B-00C04F79EFBC}") = "Lab24_Oct2018", "Lab24_Oct2018\Lab24_Oct2018.csproj", "{980264C5-F05A-47C3-9ADF-80C84FECF097}"
EndProject
Global
	GlobalSection(SolutionConfigurationPlatforms) = preSolution
		Debug|Any CPU = Debug|Any CPU
		Release|Any CPU = Release|Any CPU
	EndGlobalSection
	GlobalSection(ProjectConfigurationPlatforms) = postSolution
		{980264C5-F05A-47C3-9ADF-80C84FECF097}.Debug|Any CPU.ActiveCfg = Debug|Any CPU
		{980264C5-F05A-47C3-9ADF-80C84FECF097}.Debug|Any CPU.Build.0 = Debug|Any CPU
		{980264C5-F05A-47C3-9ADF-80C84FECF097}.Release|Any CPU.ActiveCfg = Release|Any CPU
		{980264C5-F05A-47C3-9ADF-80C84FECF097}.Release|Any CPU.Build.0 = Release|Any CPU
	EndGlobalSection
	GlobalSection(SolutionProperties) = preSolution
		HideSolutionNode = FALSE
	EndGlobalSection
	GlobalSection(ExtensibilityGlobals) = postSolution
		SolutionGuid = {3FAEB7C2-7CEC-4CD4-A38A-52FED84457E0}
	EndGlobalSection
EndGlobal
